{
  "name": "gma-benchmark",
  "version": "1.0.0",
  "lockfileVersion": 3,
  "requires": true,
  "packages": {
    "": {
      "name": "gma-benchmark",
      "version": "1.0.0",
      "license": "MIT",
      "devDependencies": {
        "@mitata/counters": "^0.0.8",
        "mitata": "^1.0.34"
      }
    },
    "node_modules/@mitata/counters": {
      "version": "0.0.8",
      "resolved": "https://registry.npmjs.org/@mitata/counters/-/counters-0.0.8.tgz",
      "integrity": "sha512-f11w0Y1ETFlarDP7CePj8Z+y8Gv5Ax4gMxWsEwrqh0kH/YIY030Ezx5SUJeQg0YPTZ2OHKGcLG1oGJbIqHzaJA==",
      "dev": true,
      "license": "MIT"
    },
    "node_modules/mitata": {
      "version": "1.0.34",
      "resolved": "https://registry.npmjs.org/mitata/-/mitata-1.0.34.tgz",
      "integrity": "sha512-Mc3zrtNBKIMeHSCQ0XqRLo1vbdIx1wvFV9c8NJAiyho6AjNfMY8bVhbS12bwciUdd1t4rj8099CH3N3NFahaUA==",
      "dev": true,
      "license": "MIT"
    }
  }
}
